// !$*UTF8*$!
{
	archiveVersion = 1;
	classes = {
	};
	objectVersion = 46;
	objects = {

/* Begin PBXBuildFile section */
		0420078A142A3FE400EE6F4F /* NSObject+BlocksKit.m in Sources */ = {isa = PBXBuildFile; fileRef = 04200775142A3FE400EE6F4F /* NSObject+BlocksKit.m */; };
		0420078B142A3FE400EE6F4F /* NSObject+AssociatedObjects.m in Sources */ = {isa = PBXBuildFile; fileRef = 04200777142A3FE400EE6F4F /* NSObject+AssociatedObjects.m */; };
		0420078C142A3FE400EE6F4F /* BKDelegateProxy.m in Sources */ = {isa = PBXBuildFile; fileRef = 04200779142A3FE400EE6F4F /* BKDelegateProxy.m */; };
		0420078D142A3FE400EE6F4F /* NSArray+BlocksKit.m in Sources */ = {isa = PBXBuildFile; fileRef = 0420077B142A3FE400EE6F4F /* NSArray+BlocksKit.m */; };
		0420078E142A3FE400EE6F4F /* NSTimer+BlocksKit.m in Sources */ = {isa = PBXBuildFile; fileRef = 0420077D142A3FE400EE6F4F /* NSTimer+BlocksKit.m */; };
		0420078F142A3FE400EE6F4F /* UIAlertView+BlocksKit.m in Sources */ = {isa = PBXBuildFile; fileRef = 0420077F142A3FE400EE6F4F /* UIAlertView+BlocksKit.m */; };
		04200790142A3FE400EE6F4F /* UIActionSheet+BlocksKit.m in Sources */ = {isa = PBXBuildFile; fileRef = 04200781142A3FE400EE6F4F /* UIActionSheet+BlocksKit.m */; };
		04200791142A3FE400EE6F4F /* UIBarButtonItem+BlocksKit.m in Sources */ = {isa = PBXBuildFile; fileRef = 04200783142A3FE400EE6F4F /* UIBarButtonItem+BlocksKit.m */; };
		04200792142A3FE400EE6F4F /* UIGestureRecognizer+BlocksKit.m in Sources */ = {isa = PBXBuildFile; fileRef = 04200785142A3FE400EE6F4F /* UIGestureRecognizer+BlocksKit.m */; };
		04200793142A3FE400EE6F4F /* UIView+BlocksKit.m in Sources */ = {isa = PBXBuildFile; fileRef = 04200787142A3FE400EE6F4F /* UIView+BlocksKit.m */; };
		04200794142A3FE400EE6F4F /* UIWebView+BlocksKit.m in Sources */ = {isa = PBXBuildFile; fileRef = 04200789142A3FE400EE6F4F /* UIWebView+BlocksKit.m */; };
		0432611E1445F49500EF7ACA /* AUIAnimatableLabel.m in Sources */ = {isa = PBXBuildFile; fileRef = 0432611B1445F49500EF7ACA /* AUIAnimatableLabel.m */; };
		0432611F1445F49500EF7ACA /* UIFont+CoreTextExtensions.m in Sources */ = {isa = PBXBuildFile; fileRef = 0432611D1445F49500EF7ACA /* UIFont+CoreTextExtensions.m */; };
		043261471445F5B700EF7ACA /* FTCoreTextStyle.m in Sources */ = {isa = PBXBuildFile; fileRef = 043261401445F5B700EF7ACA /* FTCoreTextStyle.m */; };
		043261481445F5B700EF7ACA /* FTCoreTextView.m in Sources */ = {isa = PBXBuildFile; fileRef = 043261421445F5B700EF7ACA /* FTCoreTextView.m */; };
		043261491445F5B700EF7ACA /* UIColor+Tools.m in Sources */ = {isa = PBXBuildFile; fileRef = 043261441445F5B700EF7ACA /* UIColor+Tools.m */; };
		0432614A1445F5B700EF7ACA /* UIView+Layout.m in Sources */ = {isa = PBXBuildFile; fileRef = 043261461445F5B700EF7ACA /* UIView+Layout.m */; };
		043261561445F69300EF7ACA /* Example_FTCoreText.m in Sources */ = {isa = PBXBuildFile; fileRef = 043261551445F69300EF7ACA /* Example_FTCoreText.m */; };
		04789F421448849600CD0265 /* Localizable.strings in Resources */ = {isa = PBXBuildFile; fileRef = 04789F401448849600CD0265 /* Localizable.strings */; };
		0487FA7F144C435C003E48E2 /* Database.m in Sources */ = {isa = PBXBuildFile; fileRef = 0487FA7E144C435C003E48E2 /* Database.m */; };
		04A1268B14473AE100394AB1 /* AppInformation.m in Sources */ = {isa = PBXBuildFile; fileRef = 04A1268A14473AE100394AB1 /* AppInformation.m */; };
		04A1272414473EBC00394AB1 /* CoreText.framework in Frameworks */ = {isa = PBXBuildFile; fileRef = 04A1272314473EBC00394AB1 /* CoreText.framework */; };
		04ECB74A1445840A00FCB8CC /* DCCrossHairView.m in Sources */ = {isa = PBXBuildFile; fileRef = 04ECB7421445840A00FCB8CC /* DCCrossHairView.m */; };
		04ECB74B1445840A00FCB8CC /* DCFrameView.m in Sources */ = {isa = PBXBuildFile; fileRef = 04ECB7441445840A00FCB8CC /* DCFrameView.m */; };
		04ECB74C1445840A00FCB8CC /* DCIntrospect.m in Sources */ = {isa = PBXBuildFile; fileRef = 04ECB7461445840A00FCB8CC /* DCIntrospect.m */; };
		04ECB74D1445840A00FCB8CC /* DCStatusBarOverlay.m in Sources */ = {isa = PBXBuildFile; fileRef = 04ECB7491445840A00FCB8CC /* DCStatusBarOverlay.m */; };
		04ECB75E144584DE00FCB8CC /* QuartzCore.framework in Frameworks */ = {isa = PBXBuildFile; fileRef = 04ECB75D144584DE00FCB8CC /* QuartzCore.framework */; };
		04ECB763144585D900FCB8CC /* LKBadgeView.m in Sources */ = {isa = PBXBuildFile; fileRef = 04ECB762144585D900FCB8CC /* LKBadgeView.m */; };
		04EDFE2C144829CE004E256B /* AppSettingsManager.m in Sources */ = {isa = PBXBuildFile; fileRef = 04EDFE2B144829CE004E256B /* AppSettingsManager.m */; };
		A60A9DAB142536A800A65B3D /* ASIAuthenticationDialog.m in Sources */ = {isa = PBXBuildFile; fileRef = A60A9D6C142536A800A65B3D /* ASIAuthenticationDialog.m */; };
		A60A9DAC142536A800A65B3D /* ASIDataCompressor.m in Sources */ = {isa = PBXBuildFile; fileRef = A60A9D6F142536A800A65B3D /* ASIDataCompressor.m */; };
		A60A9DAD142536A800A65B3D /* ASIDataDecompressor.m in Sources */ = {isa = PBXBuildFile; fileRef = A60A9D71142536A800A65B3D /* ASIDataDecompressor.m */; };
		A60A9DAE142536A800A65B3D /* ASIDownloadCache.m in Sources */ = {isa = PBXBuildFile; fileRef = A60A9D73142536A800A65B3D /* ASIDownloadCache.m */; };
		A60A9DAF142536A800A65B3D /* ASIFormDataRequest.m in Sources */ = {isa = PBXBuildFile; fileRef = A60A9D75142536A800A65B3D /* ASIFormDataRequest.m */; };
		A60A9DB0142536A800A65B3D /* ASIHTTPRequest.m in Sources */ = {isa = PBXBuildFile; fileRef = A60A9D77142536A800A65B3D /* ASIHTTPRequest.m */; };
		A60A9DB1142536A800A65B3D /* ASIInputStream.m in Sources */ = {isa = PBXBuildFile; fileRef = A60A9D7B142536A800A65B3D /* ASIInputStream.m */; };
		A60A9DB2142536A800A65B3D /* ASINetworkQueue.m in Sources */ = {isa = PBXBuildFile; fileRef = A60A9D7D142536A800A65B3D /* ASINetworkQueue.m */; };
		A60A9DB3142536A800A65B3D /* CategoriesView.m in Sources */ = {isa = PBXBuildFile; fileRef = A60A9D80142536A800A65B3D /* CategoriesView.m */; };
		A60A9DB4142536A800A65B3D /* ComplexTableCell.m in Sources */ = {isa = PBXBuildFile; fileRef = A60A9D82142536A800A65B3D /* ComplexTableCell.m */; };
		A60A9DB5142536A800A65B3D /* ComplexTableSection.m in Sources */ = {isa = PBXBuildFile; fileRef = A60A9D84142536A800A65B3D /* ComplexTableSection.m */; };
		A60A9DB6142536A800A65B3D /* ComplexTableView.m in Sources */ = {isa = PBXBuildFile; fileRef = A60A9D86142536A800A65B3D /* ComplexTableView.m */; };
		A60A9DB7142536A800A65B3D /* UserDefaults.m in Sources */ = {isa = PBXBuildFile; fileRef = A60A9D88142536A800A65B3D /* UserDefaults.m */; };
		A60A9DB9142536A800A65B3D /* DBModel.m in Sources */ = {isa = PBXBuildFile; fileRef = A60A9D8C142536A800A65B3D /* DBModel.m */; };
		A60A9DBC142536A800A65B3D /* InternetConnection.m in Sources */ = {isa = PBXBuildFile; fileRef = A60A9D93142536A800A65B3D /* InternetConnection.m */; };
		A60A9DBE142536A800A65B3D /* NSDate-Extensions.m in Sources */ = {isa = PBXBuildFile; fileRef = A60A9D96142536A800A65B3D /* NSDate-Extensions.m */; };
		A60A9DBF142536A800A65B3D /* NSString-Extensions.m in Sources */ = {isa = PBXBuildFile; fileRef = A60A9D98142536A800A65B3D /* NSString-Extensions.m */; };
		A60A9DC1142536A800A65B3D /* Reachability.m in Sources */ = {isa = PBXBuildFile; fileRef = A60A9D9C142536A800A65B3D /* Reachability.m */; };
		A60A9DC3142536A800A65B3D /* SplashView.m in Sources */ = {isa = PBXBuildFile; fileRef = A60A9DA0142536A800A65B3D /* SplashView.m */; };
		A60A9DC4142536A800A65B3D /* TBLCategories.m in Sources */ = {isa = PBXBuildFile; fileRef = A60A9DA2142536A800A65B3D /* TBLCategories.m */; };
		A60A9DC5142536A800A65B3D /* UIColor-Extensions.m in Sources */ = {isa = PBXBuildFile; fileRef = A60A9DA4142536A800A65B3D /* UIColor-Extensions.m */; };
		A60A9DC6142536A800A65B3D /* UIDevice-Attributes.m in Sources */ = {isa = PBXBuildFile; fileRef = A60A9DA6142536A800A65B3D /* UIDevice-Attributes.m */; };
		A60A9DCB142537DA00A65B3D /* MobileCoreServices.framework in Frameworks */ = {isa = PBXBuildFile; fileRef = A60A9DCA142537DA00A65B3D /* MobileCoreServices.framework */; };
		A60A9DCD142537E100A65B3D /* SystemConfiguration.framework in Frameworks */ = {isa = PBXBuildFile; fileRef = A60A9DCC142537E100A65B3D /* SystemConfiguration.framework */; };
		A60A9DCF142537E800A65B3D /* CFNetwork.framework in Frameworks */ = {isa = PBXBuildFile; fileRef = A60A9DCE142537E800A65B3D /* CFNetwork.framework */; };
		A60A9DD1142537EF00A65B3D /* libsqlite3.0.dylib in Frameworks */ = {isa = PBXBuildFile; fileRef = A60A9DD0142537EF00A65B3D /* libsqlite3.0.dylib */; };
		A60A9DD31425389B00A65B3D /* ApplicationView.xib in Resources */ = {isa = PBXBuildFile; fileRef = A60A9DD21425389B00A65B3D /* ApplicationView.xib */; };
		A60A9DE614253B4300A65B3D /* libz.1.2.3.dylib in Frameworks */ = {isa = PBXBuildFile; fileRef = A60A9DE514253B4300A65B3D /* libz.1.2.3.dylib */; };
		A60A9E161425699F00A65B3D /* UIImage-Extensions.m in Sources */ = {isa = PBXBuildFile; fileRef = A60A9E151425699F00A65B3D /* UIImage-Extensions.m */; };
		A60A9E1914256AE300A65B3D /* AsyncUIImage.m in Sources */ = {isa = PBXBuildFile; fileRef = A60A9E1814256AE300A65B3D /* AsyncUIImage.m */; };
		A60A9E1D1425792900A65B3D /* JSONKit.m in Sources */ = {isa = PBXBuildFile; fileRef = A60A9E1C1425792900A65B3D /* JSONKit.m */; };
		A60A9E201425799C00A65B3D /* CipherClass.m in Sources */ = {isa = PBXBuildFile; fileRef = A60A9E1F1425799C00A65B3D /* CipherClass.m */; };
		A60A9E2314257A3300A65B3D /* NSData-Extensions.m in Sources */ = {isa = PBXBuildFile; fileRef = A60A9E2214257A3300A65B3D /* NSData-Extensions.m */; };
		A60A9E361425853E00A65B3D /* NSTimer-Extensions.m in Sources */ = {isa = PBXBuildFile; fileRef = A60A9E351425853E00A65B3D /* NSTimer-Extensions.m */; };
		A692E4141425349A00A52229 /* UIKit.framework in Frameworks */ = {isa = PBXBuildFile; fileRef = A692E4131425349A00A52229 /* UIKit.framework */; };
		A692E4161425349A00A52229 /* Foundation.framework in Frameworks */ = {isa = PBXBuildFile; fileRef = A692E4151425349A00A52229 /* Foundation.framework */; };
		A692E4181425349A00A52229 /* CoreGraphics.framework in Frameworks */ = {isa = PBXBuildFile; fileRef = A692E4171425349A00A52229 /* CoreGraphics.framework */; };
		A692E41E1425349A00A52229 /* InfoPlist.strings in Resources */ = {isa = PBXBuildFile; fileRef = A692E41C1425349A00A52229 /* InfoPlist.strings */; };
		A692E4211425349A00A52229 /* main.m in Sources */ = {isa = PBXBuildFile; fileRef = A692E4201425349A00A52229 /* main.m */; };
		A692E4241425349A00A52229 /* standard_iphone_appDelegate.m in Sources */ = {isa = PBXBuildFile; fileRef = A692E4231425349A00A52229 /* standard_iphone_appDelegate.m */; };
/* End PBXBuildFile section */

/* Begin PBXFileReference section */
		04200773142A3FE300EE6F4F /* BKGlobals.h */ = {isa = PBXFileReference; fileEncoding = 4; lastKnownFileType = sourcecode.c.h; path = BKGlobals.h; sourceTree = "<group>"; };
		04200774142A3FE300EE6F4F /* NSObject+BlocksKit.h */ = {isa = PBXFileReference; fileEncoding = 4; lastKnownFileType = sourcecode.c.h; path = "NSObject+BlocksKit.h"; sourceTree = "<group>"; };
		04200775142A3FE400EE6F4F /* NSObject+BlocksKit.m */ = {isa = PBXFileReference; fileEncoding = 4; lastKnownFileType = sourcecode.c.objc; path = "NSObject+BlocksKit.m"; sourceTree = "<group>"; };
		04200776142A3FE400EE6F4F /* NSObject+AssociatedObjects.h */ = {isa = PBXFileReference; fileEncoding = 4; lastKnownFileType = sourcecode.c.h; path = "NSObject+AssociatedObjects.h"; sourceTree = "<group>"; };
		04200777142A3FE400EE6F4F /* NSObject+AssociatedObjects.m */ = {isa = PBXFileReference; fileEncoding = 4; lastKnownFileType = sourcecode.c.objc; path = "NSObject+AssociatedObjects.m"; sourceTree = "<group>"; };
		04200778142A3FE400EE6F4F /* BKDelegateProxy.h */ = {isa = PBXFileReference; fileEncoding = 4; lastKnownFileType = sourcecode.c.h; path = BKDelegateProxy.h; sourceTree = "<group>"; };
		04200779142A3FE400EE6F4F /* BKDelegateProxy.m */ = {isa = PBXFileReference; fileEncoding = 4; lastKnownFileType = sourcecode.c.objc; path = BKDelegateProxy.m; sourceTree = "<group>"; };
		0420077A142A3FE400EE6F4F /* NSArray+BlocksKit.h */ = {isa = PBXFileReference; fileEncoding = 4; lastKnownFileType = sourcecode.c.h; path = "NSArray+BlocksKit.h"; sourceTree = "<group>"; };
		0420077B142A3FE400EE6F4F /* NSArray+BlocksKit.m */ = {isa = PBXFileReference; fileEncoding = 4; lastKnownFileType = sourcecode.c.objc; path = "NSArray+BlocksKit.m"; sourceTree = "<group>"; };
		0420077C142A3FE400EE6F4F /* NSTimer+BlocksKit.h */ = {isa = PBXFileReference; fileEncoding = 4; lastKnownFileType = sourcecode.c.h; path = "NSTimer+BlocksKit.h"; sourceTree = "<group>"; };
		0420077D142A3FE400EE6F4F /* NSTimer+BlocksKit.m */ = {isa = PBXFileReference; fileEncoding = 4; lastKnownFileType = sourcecode.c.objc; path = "NSTimer+BlocksKit.m"; sourceTree = "<group>"; };
		0420077E142A3FE400EE6F4F /* UIAlertView+BlocksKit.h */ = {isa = PBXFileReference; fileEncoding = 4; lastKnownFileType = sourcecode.c.h; path = "UIAlertView+BlocksKit.h"; sourceTree = "<group>"; };
		0420077F142A3FE400EE6F4F /* UIAlertView+BlocksKit.m */ = {isa = PBXFileReference; fileEncoding = 4; lastKnownFileType = sourcecode.c.objc; path = "UIAlertView+BlocksKit.m"; sourceTree = "<group>"; };
		04200780142A3FE400EE6F4F /* UIActionSheet+BlocksKit.h */ = {isa = PBXFileReference; fileEncoding = 4; lastKnownFileType = sourcecode.c.h; path = "UIActionSheet+BlocksKit.h"; sourceTree = "<group>"; };
		04200781142A3FE400EE6F4F /* UIActionSheet+BlocksKit.m */ = {isa = PBXFileReference; fileEncoding = 4; lastKnownFileType = sourcecode.c.objc; path = "UIActionSheet+BlocksKit.m"; sourceTree = "<group>"; };
		04200782142A3FE400EE6F4F /* UIBarButtonItem+BlocksKit.h */ = {isa = PBXFileReference; fileEncoding = 4; lastKnownFileType = sourcecode.c.h; path = "UIBarButtonItem+BlocksKit.h"; sourceTree = "<group>"; };
		04200783142A3FE400EE6F4F /* UIBarButtonItem+BlocksKit.m */ = {isa = PBXFileReference; fileEncoding = 4; lastKnownFileType = sourcecode.c.objc; path = "UIBarButtonItem+BlocksKit.m"; sourceTree = "<group>"; };
		04200784142A3FE400EE6F4F /* UIGestureRecognizer+BlocksKit.h */ = {isa = PBXFileReference; fileEncoding = 4; lastKnownFileType = sourcecode.c.h; path = "UIGestureRecognizer+BlocksKit.h"; sourceTree = "<group>"; };
		04200785142A3FE400EE6F4F /* UIGestureRecognizer+BlocksKit.m */ = {isa = PBXFileReference; fileEncoding = 4; lastKnownFileType = sourcecode.c.objc; path = "UIGestureRecognizer+BlocksKit.m"; sourceTree = "<group>"; };
		04200786142A3FE400EE6F4F /* UIView+BlocksKit.h */ = {isa = PBXFileReference; fileEncoding = 4; lastKnownFileType = sourcecode.c.h; path = "UIView+BlocksKit.h"; sourceTree = "<group>"; };
		04200787142A3FE400EE6F4F /* UIView+BlocksKit.m */ = {isa = PBXFileReference; fileEncoding = 4; lastKnownFileType = sourcecode.c.objc; path = "UIView+BlocksKit.m"; sourceTree = "<group>"; };
		04200788142A3FE400EE6F4F /* UIWebView+BlocksKit.h */ = {isa = PBXFileReference; fileEncoding = 4; lastKnownFileType = sourcecode.c.h; path = "UIWebView+BlocksKit.h"; sourceTree = "<group>"; };
		04200789142A3FE400EE6F4F /* UIWebView+BlocksKit.m */ = {isa = PBXFileReference; fileEncoding = 4; lastKnownFileType = sourcecode.c.objc; path = "UIWebView+BlocksKit.m"; sourceTree = "<group>"; };
		0432611A1445F49500EF7ACA /* AUIAnimatableLabel.h */ = {isa = PBXFileReference; fileEncoding = 4; lastKnownFileType = sourcecode.c.h; path = AUIAnimatableLabel.h; sourceTree = "<group>"; };
		0432611B1445F49500EF7ACA /* AUIAnimatableLabel.m */ = {isa = PBXFileReference; fileEncoding = 4; lastKnownFileType = sourcecode.c.objc; path = AUIAnimatableLabel.m; sourceTree = "<group>"; };
		0432611C1445F49500EF7ACA /* UIFont+CoreTextExtensions.h */ = {isa = PBXFileReference; fileEncoding = 4; lastKnownFileType = sourcecode.c.h; path = "UIFont+CoreTextExtensions.h"; sourceTree = "<group>"; };
		0432611D1445F49500EF7ACA /* UIFont+CoreTextExtensions.m */ = {isa = PBXFileReference; fileEncoding = 4; lastKnownFileType = sourcecode.c.objc; path = "UIFont+CoreTextExtensions.m"; sourceTree = "<group>"; };
		0432613F1445F5B700EF7ACA /* FTCoreTextStyle.h */ = {isa = PBXFileReference; fileEncoding = 4; lastKnownFileType = sourcecode.c.h; path = FTCoreTextStyle.h; sourceTree = "<group>"; };
		043261401445F5B700EF7ACA /* FTCoreTextStyle.m */ = {isa = PBXFileReference; fileEncoding = 4; lastKnownFileType = sourcecode.c.objc; path = FTCoreTextStyle.m; sourceTree = "<group>"; };
		043261411445F5B700EF7ACA /* FTCoreTextView.h */ = {isa = PBXFileReference; fileEncoding = 4; lastKnownFileType = sourcecode.c.h; path = FTCoreTextView.h; sourceTree = "<group>"; };
		043261421445F5B700EF7ACA /* FTCoreTextView.m */ = {isa = PBXFileReference; fileEncoding = 4; lastKnownFileType = sourcecode.c.objc; path = FTCoreTextView.m; sourceTree = "<group>"; };
		043261431445F5B700EF7ACA /* UIColor+Tools.h */ = {isa = PBXFileReference; fileEncoding = 4; lastKnownFileType = sourcecode.c.h; path = "UIColor+Tools.h"; sourceTree = "<group>"; };
		043261441445F5B700EF7ACA /* UIColor+Tools.m */ = {isa = PBXFileReference; fileEncoding = 4; lastKnownFileType = sourcecode.c.objc; path = "UIColor+Tools.m"; sourceTree = "<group>"; };
		043261451445F5B700EF7ACA /* UIView+Layout.h */ = {isa = PBXFileReference; fileEncoding = 4; lastKnownFileType = sourcecode.c.h; path = "UIView+Layout.h"; sourceTree = "<group>"; };
		043261461445F5B700EF7ACA /* UIView+Layout.m */ = {isa = PBXFileReference; fileEncoding = 4; lastKnownFileType = sourcecode.c.objc; path = "UIView+Layout.m"; sourceTree = "<group>"; };
		043261541445F69300EF7ACA /* Example_FTCoreText.h */ = {isa = PBXFileReference; fileEncoding = 4; lastKnownFileType = sourcecode.c.h; path = Example_FTCoreText.h; sourceTree = "<group>"; };
		043261551445F69300EF7ACA /* Example_FTCoreText.m */ = {isa = PBXFileReference; fileEncoding = 4; lastKnownFileType = sourcecode.c.objc; path = Example_FTCoreText.m; sourceTree = "<group>"; };
		04789F411448849600CD0265 /* en */ = {isa = PBXFileReference; fileEncoding = 10; lastKnownFileType = text.plist.strings; name = en; path = en.lproj/Localizable.strings; sourceTree = "<group>"; };
		0487FA7D144C435C003E48E2 /* Database.h */ = {isa = PBXFileReference; fileEncoding = 4; lastKnownFileType = sourcecode.c.h; path = Database.h; sourceTree = "<group>"; };
		0487FA7E144C435C003E48E2 /* Database.m */ = {isa = PBXFileReference; fileEncoding = 4; lastKnownFileType = sourcecode.c.objc; path = Database.m; sourceTree = "<group>"; };
		04A1268914473AE100394AB1 /* AppInformation.h */ = {isa = PBXFileReference; fileEncoding = 4; lastKnownFileType = sourcecode.c.h; path = AppInformation.h; sourceTree = "<group>"; };
		04A1268A14473AE100394AB1 /* AppInformation.m */ = {isa = PBXFileReference; fileEncoding = 4; lastKnownFileType = sourcecode.c.objc; path = AppInformation.m; sourceTree = "<group>"; };
		04A1272314473EBC00394AB1 /* CoreText.framework */ = {isa = PBXFileReference; lastKnownFileType = wrapper.framework; name = CoreText.framework; path = System/Library/Frameworks/CoreText.framework; sourceTree = SDKROOT; };
		04ECB7411445840A00FCB8CC /* DCCrossHairView.h */ = {isa = PBXFileReference; fileEncoding = 4; lastKnownFileType = sourcecode.c.h; path = DCCrossHairView.h; sourceTree = "<group>"; };
		04ECB7421445840A00FCB8CC /* DCCrossHairView.m */ = {isa = PBXFileReference; fileEncoding = 4; lastKnownFileType = sourcecode.c.objc; path = DCCrossHairView.m; sourceTree = "<group>"; };
		04ECB7431445840A00FCB8CC /* DCFrameView.h */ = {isa = PBXFileReference; fileEncoding = 4; lastKnownFileType = sourcecode.c.h; path = DCFrameView.h; sourceTree = "<group>"; };
		04ECB7441445840A00FCB8CC /* DCFrameView.m */ = {isa = PBXFileReference; fileEncoding = 4; lastKnownFileType = sourcecode.c.objc; path = DCFrameView.m; sourceTree = "<group>"; };
		04ECB7451445840A00FCB8CC /* DCIntrospect.h */ = {isa = PBXFileReference; fileEncoding = 4; lastKnownFileType = sourcecode.c.h; path = DCIntrospect.h; sourceTree = "<group>"; };
		04ECB7461445840A00FCB8CC /* DCIntrospect.m */ = {isa = PBXFileReference; fileEncoding = 4; lastKnownFileType = sourcecode.c.objc; path = DCIntrospect.m; sourceTree = "<group>"; };
		04ECB7471445840A00FCB8CC /* DCIntrospectSettings.h */ = {isa = PBXFileReference; fileEncoding = 4; lastKnownFileType = sourcecode.c.h; path = DCIntrospectSettings.h; sourceTree = "<group>"; };
		04ECB7481445840A00FCB8CC /* DCStatusBarOverlay.h */ = {isa = PBXFileReference; fileEncoding = 4; lastKnownFileType = sourcecode.c.h; path = DCStatusBarOverlay.h; sourceTree = "<group>"; };
		04ECB7491445840A00FCB8CC /* DCStatusBarOverlay.m */ = {isa = PBXFileReference; fileEncoding = 4; lastKnownFileType = sourcecode.c.objc; path = DCStatusBarOverlay.m; sourceTree = "<group>"; };
		04ECB75D144584DE00FCB8CC /* QuartzCore.framework */ = {isa = PBXFileReference; lastKnownFileType = wrapper.framework; name = QuartzCore.framework; path = System/Library/Frameworks/QuartzCore.framework; sourceTree = SDKROOT; };
		04ECB761144585D900FCB8CC /* LKBadgeView.h */ = {isa = PBXFileReference; fileEncoding = 4; lastKnownFileType = sourcecode.c.h; path = LKBadgeView.h; sourceTree = "<group>"; };
		04ECB762144585D900FCB8CC /* LKBadgeView.m */ = {isa = PBXFileReference; fileEncoding = 4; lastKnownFileType = sourcecode.c.objc; path = LKBadgeView.m; sourceTree = "<group>"; };
		04EDFE2A144829CE004E256B /* AppSettingsManager.h */ = {isa = PBXFileReference; fileEncoding = 4; lastKnownFileType = sourcecode.c.h; path = AppSettingsManager.h; sourceTree = "<group>"; };
		04EDFE2B144829CE004E256B /* AppSettingsManager.m */ = {isa = PBXFileReference; fileEncoding = 4; lastKnownFileType = sourcecode.c.objc; path = AppSettingsManager.m; sourceTree = "<group>"; };
		A60A9D6B142536A800A65B3D /* ASIAuthenticationDialog.h */ = {isa = PBXFileReference; fileEncoding = 4; lastKnownFileType = sourcecode.c.h; path = ASIAuthenticationDialog.h; sourceTree = "<group>"; };
		A60A9D6C142536A800A65B3D /* ASIAuthenticationDialog.m */ = {isa = PBXFileReference; fileEncoding = 4; lastKnownFileType = sourcecode.c.objc; path = ASIAuthenticationDialog.m; sourceTree = "<group>"; };
		A60A9D6D142536A800A65B3D /* ASICacheDelegate.h */ = {isa = PBXFileReference; fileEncoding = 4; lastKnownFileType = sourcecode.c.h; path = ASICacheDelegate.h; sourceTree = "<group>"; };
		A60A9D6E142536A800A65B3D /* ASIDataCompressor.h */ = {isa = PBXFileReference; fileEncoding = 4; lastKnownFileType = sourcecode.c.h; path = ASIDataCompressor.h; sourceTree = "<group>"; };
		A60A9D6F142536A800A65B3D /* ASIDataCompressor.m */ = {isa = PBXFileReference; fileEncoding = 4; lastKnownFileType = sourcecode.c.objc; path = ASIDataCompressor.m; sourceTree = "<group>"; };
		A60A9D70142536A800A65B3D /* ASIDataDecompressor.h */ = {isa = PBXFileReference; fileEncoding = 4; lastKnownFileType = sourcecode.c.h; path = ASIDataDecompressor.h; sourceTree = "<group>"; };
		A60A9D71142536A800A65B3D /* ASIDataDecompressor.m */ = {isa = PBXFileReference; fileEncoding = 4; lastKnownFileType = sourcecode.c.objc; path = ASIDataDecompressor.m; sourceTree = "<group>"; };
		A60A9D72142536A800A65B3D /* ASIDownloadCache.h */ = {isa = PBXFileReference; fileEncoding = 4; lastKnownFileType = sourcecode.c.h; path = ASIDownloadCache.h; sourceTree = "<group>"; };
		A60A9D73142536A800A65B3D /* ASIDownloadCache.m */ = {isa = PBXFileReference; fileEncoding = 4; lastKnownFileType = sourcecode.c.objc; path = ASIDownloadCache.m; sourceTree = "<group>"; };
		A60A9D74142536A800A65B3D /* ASIFormDataRequest.h */ = {isa = PBXFileReference; fileEncoding = 4; lastKnownFileType = sourcecode.c.h; path = ASIFormDataRequest.h; sourceTree = "<group>"; };
		A60A9D75142536A800A65B3D /* ASIFormDataRequest.m */ = {isa = PBXFileReference; fileEncoding = 4; lastKnownFileType = sourcecode.c.objc; path = ASIFormDataRequest.m; sourceTree = "<group>"; };
		A60A9D76142536A800A65B3D /* ASIHTTPRequest.h */ = {isa = PBXFileReference; fileEncoding = 4; lastKnownFileType = sourcecode.c.h; path = ASIHTTPRequest.h; sourceTree = "<group>"; };
		A60A9D77142536A800A65B3D /* ASIHTTPRequest.m */ = {isa = PBXFileReference; fileEncoding = 4; lastKnownFileType = sourcecode.c.objc; path = ASIHTTPRequest.m; sourceTree = "<group>"; };
		A60A9D78142536A800A65B3D /* ASIHTTPRequestConfig.h */ = {isa = PBXFileReference; fileEncoding = 4; lastKnownFileType = sourcecode.c.h; path = ASIHTTPRequestConfig.h; sourceTree = "<group>"; };
		A60A9D79142536A800A65B3D /* ASIHTTPRequestDelegate.h */ = {isa = PBXFileReference; fileEncoding = 4; lastKnownFileType = sourcecode.c.h; path = ASIHTTPRequestDelegate.h; sourceTree = "<group>"; };
		A60A9D7A142536A800A65B3D /* ASIInputStream.h */ = {isa = PBXFileReference; fileEncoding = 4; lastKnownFileType = sourcecode.c.h; path = ASIInputStream.h; sourceTree = "<group>"; };
		A60A9D7B142536A800A65B3D /* ASIInputStream.m */ = {isa = PBXFileReference; fileEncoding = 4; lastKnownFileType = sourcecode.c.objc; path = ASIInputStream.m; sourceTree = "<group>"; };
		A60A9D7C142536A800A65B3D /* ASINetworkQueue.h */ = {isa = PBXFileReference; fileEncoding = 4; lastKnownFileType = sourcecode.c.h; path = ASINetworkQueue.h; sourceTree = "<group>"; };
		A60A9D7D142536A800A65B3D /* ASINetworkQueue.m */ = {isa = PBXFileReference; fileEncoding = 4; lastKnownFileType = sourcecode.c.objc; path = ASINetworkQueue.m; sourceTree = "<group>"; };
		A60A9D7E142536A800A65B3D /* ASIProgressDelegate.h */ = {isa = PBXFileReference; fileEncoding = 4; lastKnownFileType = sourcecode.c.h; path = ASIProgressDelegate.h; sourceTree = "<group>"; };
		A60A9D7F142536A800A65B3D /* CategoriesView.h */ = {isa = PBXFileReference; fileEncoding = 4; lastKnownFileType = sourcecode.c.h; path = CategoriesView.h; sourceTree = "<group>"; };
		A60A9D80142536A800A65B3D /* CategoriesView.m */ = {isa = PBXFileReference; fileEncoding = 4; lastKnownFileType = sourcecode.c.objc; path = CategoriesView.m; sourceTree = "<group>"; };
		A60A9D81142536A800A65B3D /* ComplexTableCell.h */ = {isa = PBXFileReference; fileEncoding = 4; lastKnownFileType = sourcecode.c.h; path = ComplexTableCell.h; sourceTree = "<group>"; };
		A60A9D82142536A800A65B3D /* ComplexTableCell.m */ = {isa = PBXFileReference; fileEncoding = 4; lastKnownFileType = sourcecode.c.objc; path = ComplexTableCell.m; sourceTree = "<group>"; };
		A60A9D83142536A800A65B3D /* ComplexTableSection.h */ = {isa = PBXFileReference; fileEncoding = 4; lastKnownFileType = sourcecode.c.h; path = ComplexTableSection.h; sourceTree = "<group>"; };
		A60A9D84142536A800A65B3D /* ComplexTableSection.m */ = {isa = PBXFileReference; fileEncoding = 4; lastKnownFileType = sourcecode.c.objc; path = ComplexTableSection.m; sourceTree = "<group>"; };
		A60A9D85142536A800A65B3D /* ComplexTableView.h */ = {isa = PBXFileReference; fileEncoding = 4; lastKnownFileType = sourcecode.c.h; path = ComplexTableView.h; sourceTree = "<group>"; };
		A60A9D86142536A800A65B3D /* ComplexTableView.m */ = {isa = PBXFileReference; fileEncoding = 4; lastKnownFileType = sourcecode.c.objc; path = ComplexTableView.m; sourceTree = "<group>"; };
		A60A9D87142536A800A65B3D /* UserDefaults.h */ = {isa = PBXFileReference; fileEncoding = 4; lastKnownFileType = sourcecode.c.h; path = UserDefaults.h; sourceTree = "<group>"; };
		A60A9D88142536A800A65B3D /* UserDefaults.m */ = {isa = PBXFileReference; fileEncoding = 4; lastKnownFileType = sourcecode.c.objc; path = UserDefaults.m; sourceTree = "<group>"; };
		A60A9D8B142536A800A65B3D /* DBModel.h */ = {isa = PBXFileReference; fileEncoding = 4; lastKnownFileType = sourcecode.c.h; path = DBModel.h; sourceTree = "<group>"; };
		A60A9D8C142536A800A65B3D /* DBModel.m */ = {isa = PBXFileReference; fileEncoding = 4; lastKnownFileType = sourcecode.c.objc; path = DBModel.m; sourceTree = "<group>"; };
		A60A9D91142536A800A65B3D /* ImportFile.h */ = {isa = PBXFileReference; fileEncoding = 4; lastKnownFileType = sourcecode.c.h; name = ImportFile.h; path = ../ImportFile.h; sourceTree = "<group>"; };
		A60A9D92142536A800A65B3D /* InternetConnection.h */ = {isa = PBXFileReference; fileEncoding = 4; lastKnownFileType = sourcecode.c.h; path = InternetConnection.h; sourceTree = "<group>"; };
		A60A9D93142536A800A65B3D /* InternetConnection.m */ = {isa = PBXFileReference; fileEncoding = 4; lastKnownFileType = sourcecode.c.objc; path = InternetConnection.m; sourceTree = "<group>"; };
		A60A9D95142536A800A65B3D /* NSDate-Extensions.h */ = {isa = PBXFileReference; fileEncoding = 4; lastKnownFileType = sourcecode.c.h; path = "NSDate-Extensions.h"; sourceTree = "<group>"; };
		A60A9D96142536A800A65B3D /* NSDate-Extensions.m */ = {isa = PBXFileReference; fileEncoding = 4; lastKnownFileType = sourcecode.c.objc; path = "NSDate-Extensions.m"; sourceTree = "<group>"; };
		A60A9D97142536A800A65B3D /* NSString-Extensions.h */ = {isa = PBXFileReference; fileEncoding = 4; lastKnownFileType = sourcecode.c.h; path = "NSString-Extensions.h"; sourceTree = "<group>"; };
		A60A9D98142536A800A65B3D /* NSString-Extensions.m */ = {isa = PBXFileReference; fileEncoding = 4; lastKnownFileType = sourcecode.c.objc; path = "NSString-Extensions.m"; sourceTree = "<group>"; };
		A60A9D9B142536A800A65B3D /* Reachability.h */ = {isa = PBXFileReference; fileEncoding = 4; lastKnownFileType = sourcecode.c.h; path = Reachability.h; sourceTree = "<group>"; };
		A60A9D9C142536A800A65B3D /* Reachability.m */ = {isa = PBXFileReference; fileEncoding = 4; lastKnownFileType = sourcecode.c.objc; path = Reachability.m; sourceTree = "<group>"; };
		A60A9D9F142536A800A65B3D /* SplashView.h */ = {isa = PBXFileReference; fileEncoding = 4; lastKnownFileType = sourcecode.c.h; path = SplashView.h; sourceTree = "<group>"; };
		A60A9DA0142536A800A65B3D /* SplashView.m */ = {isa = PBXFileReference; fileEncoding = 4; lastKnownFileType = sourcecode.c.objc; path = SplashView.m; sourceTree = "<group>"; };
		A60A9DA1142536A800A65B3D /* TBLCategories.h */ = {isa = PBXFileReference; fileEncoding = 4; lastKnownFileType = sourcecode.c.h; path = TBLCategories.h; sourceTree = "<group>"; };
		A60A9DA2142536A800A65B3D /* TBLCategories.m */ = {isa = PBXFileReference; fileEncoding = 4; lastKnownFileType = sourcecode.c.objc; path = TBLCategories.m; sourceTree = "<group>"; };
		A60A9DA3142536A800A65B3D /* UIColor-Extensions.h */ = {isa = PBXFileReference; fileEncoding = 4; lastKnownFileType = sourcecode.c.h; path = "UIColor-Extensions.h"; sourceTree = "<group>"; };
		A60A9DA4142536A800A65B3D /* UIColor-Extensions.m */ = {isa = PBXFileReference; fileEncoding = 4; lastKnownFileType = sourcecode.c.objc; path = "UIColor-Extensions.m"; sourceTree = "<group>"; };
		A60A9DA5142536A800A65B3D /* UIDevice-Attributes.h */ = {isa = PBXFileReference; fileEncoding = 4; lastKnownFileType = sourcecode.c.h; path = "UIDevice-Attributes.h"; sourceTree = "<group>"; };
		A60A9DA6142536A800A65B3D /* UIDevice-Attributes.m */ = {isa = PBXFileReference; fileEncoding = 4; lastKnownFileType = sourcecode.c.objc; path = "UIDevice-Attributes.m"; sourceTree = "<group>"; };
		A60A9DCA142537DA00A65B3D /* MobileCoreServices.framework */ = {isa = PBXFileReference; lastKnownFileType = wrapper.framework; name = MobileCoreServices.framework; path = System/Library/Frameworks/MobileCoreServices.framework; sourceTree = SDKROOT; };
		A60A9DCC142537E100A65B3D /* SystemConfiguration.framework */ = {isa = PBXFileReference; lastKnownFileType = wrapper.framework; name = SystemConfiguration.framework; path = System/Library/Frameworks/SystemConfiguration.framework; sourceTree = SDKROOT; };
		A60A9DCE142537E800A65B3D /* CFNetwork.framework */ = {isa = PBXFileReference; lastKnownFileType = wrapper.framework; name = CFNetwork.framework; path = System/Library/Frameworks/CFNetwork.framework; sourceTree = SDKROOT; };
		A60A9DD0142537EF00A65B3D /* libsqlite3.0.dylib */ = {isa = PBXFileReference; lastKnownFileType = "compiled.mach-o.dylib"; name = libsqlite3.0.dylib; path = usr/lib/libsqlite3.0.dylib; sourceTree = SDKROOT; };
		A60A9DD21425389B00A65B3D /* ApplicationView.xib */ = {isa = PBXFileReference; fileEncoding = 4; lastKnownFileType = file.xib; path = ApplicationView.xib; sourceTree = "<group>"; };
		A60A9DE514253B4300A65B3D /* libz.1.2.3.dylib */ = {isa = PBXFileReference; lastKnownFileType = "compiled.mach-o.dylib"; name = libz.1.2.3.dylib; path = usr/lib/libz.1.2.3.dylib; sourceTree = SDKROOT; };
		A60A9E141425699F00A65B3D /* UIImage-Extensions.h */ = {isa = PBXFileReference; fileEncoding = 4; lastKnownFileType = sourcecode.c.h; path = "UIImage-Extensions.h"; sourceTree = "<group>"; };
		A60A9E151425699F00A65B3D /* UIImage-Extensions.m */ = {isa = PBXFileReference; fileEncoding = 4; lastKnownFileType = sourcecode.c.objc; path = "UIImage-Extensions.m"; sourceTree = "<group>"; };
		A60A9E1714256AE300A65B3D /* AsyncUIImage.h */ = {isa = PBXFileReference; fileEncoding = 4; lastKnownFileType = sourcecode.c.h; path = AsyncUIImage.h; sourceTree = "<group>"; };
		A60A9E1814256AE300A65B3D /* AsyncUIImage.m */ = {isa = PBXFileReference; fileEncoding = 4; lastKnownFileType = sourcecode.c.objc; path = AsyncUIImage.m; sourceTree = "<group>"; };
		A60A9E1B1425792900A65B3D /* JSONKit.h */ = {isa = PBXFileReference; fileEncoding = 4; lastKnownFileType = sourcecode.c.h; path = JSONKit.h; sourceTree = "<group>"; };
		A60A9E1C1425792900A65B3D /* JSONKit.m */ = {isa = PBXFileReference; fileEncoding = 4; lastKnownFileType = sourcecode.c.objc; path = JSONKit.m; sourceTree = "<group>"; };
		A60A9E1E1425799C00A65B3D /* CipherClass.h */ = {isa = PBXFileReference; fileEncoding = 4; lastKnownFileType = sourcecode.c.h; path = CipherClass.h; sourceTree = "<group>"; };
		A60A9E1F1425799C00A65B3D /* CipherClass.m */ = {isa = PBXFileReference; fileEncoding = 4; lastKnownFileType = sourcecode.c.objc; path = CipherClass.m; sourceTree = "<group>"; };
		A60A9E2114257A3200A65B3D /* NSData-Extensions.h */ = {isa = PBXFileReference; fileEncoding = 4; lastKnownFileType = sourcecode.c.h; path = "NSData-Extensions.h"; sourceTree = "<group>"; };
		A60A9E2214257A3300A65B3D /* NSData-Extensions.m */ = {isa = PBXFileReference; fileEncoding = 4; lastKnownFileType = sourcecode.c.objc; path = "NSData-Extensions.m"; sourceTree = "<group>"; };
		A60A9E341425853E00A65B3D /* NSTimer-Extensions.h */ = {isa = PBXFileReference; fileEncoding = 4; lastKnownFileType = sourcecode.c.h; path = "NSTimer-Extensions.h"; sourceTree = "<group>"; };
		A60A9E351425853E00A65B3D /* NSTimer-Extensions.m */ = {isa = PBXFileReference; fileEncoding = 4; lastKnownFileType = sourcecode.c.objc; path = "NSTimer-Extensions.m"; sourceTree = "<group>"; };
		A692E40F1425349A00A52229 /* standard-iphone-app.app */ = {isa = PBXFileReference; explicitFileType = wrapper.application; includeInIndex = 0; path = "standard-iphone-app.app"; sourceTree = BUILT_PRODUCTS_DIR; };
		A692E4131425349A00A52229 /* UIKit.framework */ = {isa = PBXFileReference; lastKnownFileType = wrapper.framework; name = UIKit.framework; path = System/Library/Frameworks/UIKit.framework; sourceTree = SDKROOT; };
		A692E4151425349A00A52229 /* Foundation.framework */ = {isa = PBXFileReference; lastKnownFileType = wrapper.framework; name = Foundation.framework; path = System/Library/Frameworks/Foundation.framework; sourceTree = SDKROOT; };
		A692E4171425349A00A52229 /* CoreGraphics.framework */ = {isa = PBXFileReference; lastKnownFileType = wrapper.framework; name = CoreGraphics.framework; path = System/Library/Frameworks/CoreGraphics.framework; sourceTree = SDKROOT; };
		A692E41B1425349A00A52229 /* standard-iphone-app-Info.plist */ = {isa = PBXFileReference; lastKnownFileType = text.plist.xml; path = "standard-iphone-app-Info.plist"; sourceTree = "<group>"; };
		A692E41D1425349A00A52229 /* en */ = {isa = PBXFileReference; lastKnownFileType = text.plist.strings; name = en; path = en.lproj/InfoPlist.strings; sourceTree = "<group>"; };
		A692E41F1425349A00A52229 /* standard-iphone-app-Prefix.pch */ = {isa = PBXFileReference; lastKnownFileType = sourcecode.c.h; path = "standard-iphone-app-Prefix.pch"; sourceTree = "<group>"; };
		A692E4201425349A00A52229 /* main.m */ = {isa = PBXFileReference; lastKnownFileType = sourcecode.c.objc; path = main.m; sourceTree = "<group>"; };
		A692E4221425349A00A52229 /* standard_iphone_appDelegate.h */ = {isa = PBXFileReference; lastKnownFileType = sourcecode.c.h; path = standard_iphone_appDelegate.h; sourceTree = "<group>"; };
		A692E4231425349A00A52229 /* standard_iphone_appDelegate.m */ = {isa = PBXFileReference; lastKnownFileType = sourcecode.c.objc; path = standard_iphone_appDelegate.m; sourceTree = "<group>"; };
/* End PBXFileReference section */

/* Begin PBXFrameworksBuildPhase section */
		A692E40C1425349A00A52229 /* Frameworks */ = {
			isa = PBXFrameworksBuildPhase;
			buildActionMask = 2147483647;
			files = (
				A60A9DE614253B4300A65B3D /* libz.1.2.3.dylib in Frameworks */,
				A60A9DD1142537EF00A65B3D /* libsqlite3.0.dylib in Frameworks */,
				A60A9DCF142537E800A65B3D /* CFNetwork.framework in Frameworks */,
				A60A9DCD142537E100A65B3D /* SystemConfiguration.framework in Frameworks */,
				A60A9DCB142537DA00A65B3D /* MobileCoreServices.framework in Frameworks */,
				A692E4161425349A00A52229 /* Foundation.framework in Frameworks */,
				A692E4181425349A00A52229 /* CoreGraphics.framework in Frameworks */,
				A692E4141425349A00A52229 /* UIKit.framework in Frameworks */,
				04ECB75E144584DE00FCB8CC /* QuartzCore.framework in Frameworks */,
				04A1272414473EBC00394AB1 /* CoreText.framework in Frameworks */,
			);
			runOnlyForDeploymentPostprocessing = 0;
		};
/* End PBXFrameworksBuildPhase section */

/* Begin PBXGroup section */
		04200772142A3FE300EE6F4F /* Blocks-Extensions */ = {
			isa = PBXGroup;
			children = (
				04200773142A3FE300EE6F4F /* BKGlobals.h */,
				04200774142A3FE300EE6F4F /* NSObject+BlocksKit.h */,
				04200775142A3FE400EE6F4F /* NSObject+BlocksKit.m */,
				04200776142A3FE400EE6F4F /* NSObject+AssociatedObjects.h */,
				04200777142A3FE400EE6F4F /* NSObject+AssociatedObjects.m */,
				04200778142A3FE400EE6F4F /* BKDelegateProxy.h */,
				04200779142A3FE400EE6F4F /* BKDelegateProxy.m */,
				0420077A142A3FE400EE6F4F /* NSArray+BlocksKit.h */,
				0420077B142A3FE400EE6F4F /* NSArray+BlocksKit.m */,
				0420077C142A3FE400EE6F4F /* NSTimer+BlocksKit.h */,
				0420077D142A3FE400EE6F4F /* NSTimer+BlocksKit.m */,
				0420077E142A3FE400EE6F4F /* UIAlertView+BlocksKit.h */,
				0420077F142A3FE400EE6F4F /* UIAlertView+BlocksKit.m */,
				04200780142A3FE400EE6F4F /* UIActionSheet+BlocksKit.h */,
				04200781142A3FE400EE6F4F /* UIActionSheet+BlocksKit.m */,
				04200782142A3FE400EE6F4F /* UIBarButtonItem+BlocksKit.h */,
				04200783142A3FE400EE6F4F /* UIBarButtonItem+BlocksKit.m */,
				04200784142A3FE400EE6F4F /* UIGestureRecognizer+BlocksKit.h */,
				04200785142A3FE400EE6F4F /* UIGestureRecognizer+BlocksKit.m */,
				04200786142A3FE400EE6F4F /* UIView+BlocksKit.h */,
				04200787142A3FE400EE6F4F /* UIView+BlocksKit.m */,
				04200788142A3FE400EE6F4F /* UIWebView+BlocksKit.h */,
				04200789142A3FE400EE6F4F /* UIWebView+BlocksKit.m */,
			);
			name = "Blocks-Extensions";
			sourceTree = "<group>";
		};
		043260FA1445F28100EF7ACA /* BadgeView */ = {
			isa = PBXGroup;
			children = (
				04ECB761144585D900FCB8CC /* LKBadgeView.h */,
				04ECB762144585D900FCB8CC /* LKBadgeView.m */,
			);
			name = BadgeView;
			sourceTree = "<group>";
		};
		043260FB1445F2B300EF7ACA /* UserDefaults */ = {
			isa = PBXGroup;
			children = (
				A60A9D87142536A800A65B3D /* UserDefaults.h */,
				A60A9D88142536A800A65B3D /* UserDefaults.m */,
			);
			name = UserDefaults;
			sourceTree = "<group>";
		};
		043260FC1445F2C300EF7ACA /* AsyncUIImage */ = {
			isa = PBXGroup;
			children = (
				A60A9E1714256AE300A65B3D /* AsyncUIImage.h */,
				A60A9E1814256AE300A65B3D /* AsyncUIImage.m */,
			);
			name = AsyncUIImage;
			sourceTree = "<group>";
		};
		043260FD1445F2D000EF7ACA /* Cipher */ = {
			isa = PBXGroup;
			children = (
				A60A9E1E1425799C00A65B3D /* CipherClass.h */,
				A60A9E1F1425799C00A65B3D /* CipherClass.m */,
			);
			name = Cipher;
			sourceTree = "<group>";
		};
		043260FE1445F48400EF7ACA /* AnimatedLabel */ = {
			isa = PBXGroup;
			children = (
				0432611A1445F49500EF7ACA /* AUIAnimatableLabel.h */,
				0432611B1445F49500EF7ACA /* AUIAnimatableLabel.m */,
				0432611C1445F49500EF7ACA /* UIFont+CoreTextExtensions.h */,
				0432611D1445F49500EF7ACA /* UIFont+CoreTextExtensions.m */,
			);
			name = AnimatedLabel;
			sourceTree = "<group>";
		};
		0432613E1445F5AD00EF7ACA /* FTCoreText */ = {
			isa = PBXGroup;
			children = (
				04A1272314473EBC00394AB1 /* CoreText.framework */,
				0432613F1445F5B700EF7ACA /* FTCoreTextStyle.h */,
				043261401445F5B700EF7ACA /* FTCoreTextStyle.m */,
				043261411445F5B700EF7ACA /* FTCoreTextView.h */,
				043261421445F5B700EF7ACA /* FTCoreTextView.m */,
				043261431445F5B700EF7ACA /* UIColor+Tools.h */,
				043261441445F5B700EF7ACA /* UIColor+Tools.m */,
				043261451445F5B700EF7ACA /* UIView+Layout.h */,
				043261461445F5B700EF7ACA /* UIView+Layout.m */,
				043261541445F69300EF7ACA /* Example_FTCoreText.h */,
				043261551445F69300EF7ACA /* Example_FTCoreText.m */,
			);
			name = FTCoreText;
			sourceTree = "<group>";
		};
		0487FA60144C303B003E48E2 /* Foundation-Extensions */ = {
			isa = PBXGroup;
			children = (
				A60A9D95142536A800A65B3D /* NSDate-Extensions.h */,
				A60A9D96142536A800A65B3D /* NSDate-Extensions.m */,
				A60A9D97142536A800A65B3D /* NSString-Extensions.h */,
				A60A9D98142536A800A65B3D /* NSString-Extensions.m */,
				A60A9DA3142536A800A65B3D /* UIColor-Extensions.h */,
				A60A9DA4142536A800A65B3D /* UIColor-Extensions.m */,
				A60A9DA5142536A800A65B3D /* UIDevice-Attributes.h */,
				A60A9DA6142536A800A65B3D /* UIDevice-Attributes.m */,
				A60A9E141425699F00A65B3D /* UIImage-Extensions.h */,
				A60A9E151425699F00A65B3D /* UIImage-Extensions.m */,
				A60A9E2114257A3200A65B3D /* NSData-Extensions.h */,
				A60A9E2214257A3300A65B3D /* NSData-Extensions.m */,
				A60A9E341425853E00A65B3D /* NSTimer-Extensions.h */,
				A60A9E351425853E00A65B3D /* NSTimer-Extensions.m */,
			);
			name = "Foundation-Extensions";
			sourceTree = "<group>";
		};
		04ECB73F144583FA00FCB8CC /* Introspect */ = {
			isa = PBXGroup;
			children = (
				04ECB7411445840A00FCB8CC /* DCCrossHairView.h */,
				04ECB7421445840A00FCB8CC /* DCCrossHairView.m */,
				04ECB7431445840A00FCB8CC /* DCFrameView.h */,
				04ECB7441445840A00FCB8CC /* DCFrameView.m */,
				04ECB7451445840A00FCB8CC /* DCIntrospect.h */,
				04ECB7461445840A00FCB8CC /* DCIntrospect.m */,
				04ECB7471445840A00FCB8CC /* DCIntrospectSettings.h */,
				04ECB7481445840A00FCB8CC /* DCStatusBarOverlay.h */,
				04ECB7491445840A00FCB8CC /* DCStatusBarOverlay.m */,
			);
			name = Introspect;
			sourceTree = "<group>";
		};
		04EDFE29144829B5004E256B /* AppSettingsManager */ = {
			isa = PBXGroup;
			children = (
				04EDFE2A144829CE004E256B /* AppSettingsManager.h */,
				04EDFE2B144829CE004E256B /* AppSettingsManager.m */,
			);
			name = AppSettingsManager;
			sourceTree = "<group>";
		};
		04EDFEC614484CF6004E256B /* AppInformation */ = {
			isa = PBXGroup;
			children = (
				04A1268914473AE100394AB1 /* AppInformation.h */,
				04A1268A14473AE100394AB1 /* AppInformation.m */,
			);
			name = AppInformation;
			sourceTree = "<group>";
		};
		A60A9D62142535DB00A65B3D /* Networking */ = {
			isa = PBXGroup;
			children = (
				A60A9E1A1425791D00A65B3D /* JSONKit */,
				A60A9D6A1425367700A65B3D /* InternetConnection */,
				A60A9D691425366F00A65B3D /* ASI-HTTP */,
			);
			name = Networking;
			sourceTree = "<group>";
		};
		A60A9D63142535E500A65B3D /* ViewsControllers */ = {
			isa = PBXGroup;
			children = (
				A60A9D7F142536A800A65B3D /* CategoriesView.h */,
				A60A9D80142536A800A65B3D /* CategoriesView.m */,
				A60A9D9F142536A800A65B3D /* SplashView.h */,
				A60A9DA0142536A800A65B3D /* SplashView.m */,
			);
			name = ViewsControllers;
			sourceTree = "<group>";
		};
		A60A9D64142535EE00A65B3D /* SQLTables */ = {
			isa = PBXGroup;
			children = (
				A60A9DA1142536A800A65B3D /* TBLCategories.h */,
				A60A9DA2142536A800A65B3D /* TBLCategories.m */,
			);
			name = SQLTables;
			sourceTree = "<group>";
		};
		A60A9D65142535F800A65B3D /* Database */ = {
			isa = PBXGroup;
			children = (
				A60A9D8B142536A800A65B3D /* DBModel.h */,
				A60A9D8C142536A800A65B3D /* DBModel.m */,
				0487FA7D144C435C003E48E2 /* Database.h */,
				0487FA7E144C435C003E48E2 /* Database.m */,
			);
			name = Database;
			sourceTree = "<group>";
		};
		A60A9D671425363E00A65B3D /* ComplexTableView */ = {
			isa = PBXGroup;
			children = (
				A60A9D81142536A800A65B3D /* ComplexTableCell.h */,
				A60A9D82142536A800A65B3D /* ComplexTableCell.m */,
				A60A9D83142536A800A65B3D /* ComplexTableSection.h */,
				A60A9D84142536A800A65B3D /* ComplexTableSection.m */,
				A60A9D85142536A800A65B3D /* ComplexTableView.h */,
				A60A9D86142536A800A65B3D /* ComplexTableView.m */,
			);
			name = ComplexTableView;
			sourceTree = "<group>";
		};
		A60A9D681425364700A65B3D /* Extensions */ = {
			isa = PBXGroup;
			children = (
				0487FA60144C303B003E48E2 /* Foundation-Extensions */,
				04200772142A3FE300EE6F4F /* Blocks-Extensions */,
			);
			name = Extensions;
			sourceTree = "<group>";
		};
		A60A9D691425366F00A65B3D /* ASI-HTTP */ = {
			isa = PBXGroup;
			children = (
				A60A9D6B142536A800A65B3D /* ASIAuthenticationDialog.h */,
				A60A9D6C142536A800A65B3D /* ASIAuthenticationDialog.m */,
				A60A9D6D142536A800A65B3D /* ASICacheDelegate.h */,
				A60A9D6E142536A800A65B3D /* ASIDataCompressor.h */,
				A60A9D6F142536A800A65B3D /* ASIDataCompressor.m */,
				A60A9D70142536A800A65B3D /* ASIDataDecompressor.h */,
				A60A9D71142536A800A65B3D /* ASIDataDecompressor.m */,
				A60A9D72142536A800A65B3D /* ASIDownloadCache.h */,
				A60A9D73142536A800A65B3D /* ASIDownloadCache.m */,
				A60A9D74142536A800A65B3D /* ASIFormDataRequest.h */,
				A60A9D75142536A800A65B3D /* ASIFormDataRequest.m */,
				A60A9D76142536A800A65B3D /* ASIHTTPRequest.h */,
				A60A9D77142536A800A65B3D /* ASIHTTPRequest.m */,
				A60A9D78142536A800A65B3D /* ASIHTTPRequestConfig.h */,
				A60A9D79142536A800A65B3D /* ASIHTTPRequestDelegate.h */,
				A60A9D7A142536A800A65B3D /* ASIInputStream.h */,
				A60A9D7B142536A800A65B3D /* ASIInputStream.m */,
				A60A9D7C142536A800A65B3D /* ASINetworkQueue.h */,
				A60A9D7D142536A800A65B3D /* ASINetworkQueue.m */,
				A60A9D7E142536A800A65B3D /* ASIProgressDelegate.h */,
			);
			name = "ASI-HTTP";
			sourceTree = "<group>";
		};
		A60A9D6A1425367700A65B3D /* InternetConnection */ = {
			isa = PBXGroup;
			children = (
				A60A9D92142536A800A65B3D /* InternetConnection.h */,
				A60A9D93142536A800A65B3D /* InternetConnection.m */,
				A60A9D9B142536A800A65B3D /* Reachability.h */,
				A60A9D9C142536A800A65B3D /* Reachability.m */,
			);
			name = InternetConnection;
			sourceTree = "<group>";
		};
		A60A9DE714253E0700A65B3D /* Classes */ = {
			isa = PBXGroup;
			children = (
				043260FC1445F2C300EF7ACA /* AsyncUIImage */,
				043260FE1445F48400EF7ACA /* AnimatedLabel */,
				04EDFEC614484CF6004E256B /* AppInformation */,
				04EDFE29144829B5004E256B /* AppSettingsManager */,
				043260FA1445F28100EF7ACA /* BadgeView */,
				043260FD1445F2D000EF7ACA /* Cipher */,
				A60A9D671425363E00A65B3D /* ComplexTableView */,
				A60A9D65142535F800A65B3D /* Database */,
				0432613E1445F5AD00EF7ACA /* FTCoreText */,
				04ECB73F144583FA00FCB8CC /* Introspect */,
				043260FB1445F2B300EF7ACA /* UserDefaults */,
			);
			name = Classes;
			sourceTree = "<group>";
		};
		A60A9E1A1425791D00A65B3D /* JSONKit */ = {
			isa = PBXGroup;
			children = (
				A60A9E1B1425792900A65B3D /* JSONKit.h */,
				A60A9E1C1425792900A65B3D /* JSONKit.m */,
			);
			name = JSONKit;
			sourceTree = "<group>";
		};
		A692E4041425349900A52229 = {
			isa = PBXGroup;
			children = (
				A692E4191425349A00A52229 /* Main */,
				A60A9DE714253E0700A65B3D /* Classes */,
				A60A9D681425364700A65B3D /* Extensions */,
				A60A9D64142535EE00A65B3D /* SQLTables */,
				A60A9D63142535E500A65B3D /* ViewsControllers */,
				A60A9D62142535DB00A65B3D /* Networking */,
				A692E4121425349A00A52229 /* Frameworks */,
				A692E4101425349A00A52229 /* Products */,
			);
			sourceTree = "<group>";
		};
		A692E4101425349A00A52229 /* Products */ = {
			isa = PBXGroup;
			children = (
				A692E40F1425349A00A52229 /* standard-iphone-app.app */,
			);
			name = Products;
			sourceTree = "<group>";
		};
		A692E4121425349A00A52229 /* Frameworks */ = {
			isa = PBXGroup;
			children = (
				A60A9DE514253B4300A65B3D /* libz.1.2.3.dylib */,
				A60A9DD0142537EF00A65B3D /* libsqlite3.0.dylib */,
				A60A9DCE142537E800A65B3D /* CFNetwork.framework */,
				A60A9DCC142537E100A65B3D /* SystemConfiguration.framework */,
				A60A9DCA142537DA00A65B3D /* MobileCoreServices.framework */,
				A692E4131425349A00A52229 /* UIKit.framework */,
				A692E4151425349A00A52229 /* Foundation.framework */,
				A692E4171425349A00A52229 /* CoreGraphics.framework */,
				04ECB75D144584DE00FCB8CC /* QuartzCore.framework */,
			);
			name = Frameworks;
			sourceTree = "<group>";
		};
		A692E4191425349A00A52229 /* Main */ = {
			isa = PBXGroup;
			children = (
				A60A9D91142536A800A65B3D /* ImportFile.h */,
				A692E4221425349A00A52229 /* standard_iphone_appDelegate.h */,
				A692E4231425349A00A52229 /* standard_iphone_appDelegate.m */,
				A60A9DD21425389B00A65B3D /* ApplicationView.xib */,
				A692E41A1425349A00A52229 /* Supporting Files */,
			);
			name = Main;
			path = "standard-iphone-app";
			sourceTree = "<group>";
		};
		A692E41A1425349A00A52229 /* Supporting Files */ = {
			isa = PBXGroup;
			children = (
				04789F401448849600CD0265 /* Localizable.strings */,
				A692E41C1425349A00A52229 /* InfoPlist.strings */,
				A692E41B1425349A00A52229 /* standard-iphone-app-Info.plist */,
				A692E41F1425349A00A52229 /* standard-iphone-app-Prefix.pch */,
				A692E4201425349A00A52229 /* main.m */,
			);
			name = "Supporting Files";
			sourceTree = "<group>";
		};
/* End PBXGroup section */

/* Begin PBXNativeTarget section */
		A692E40E1425349A00A52229 /* standard-iphone-app */ = {
			isa = PBXNativeTarget;
			buildConfigurationList = A692E4301425349A00A52229 /* Build configuration list for PBXNativeTarget "standard-iphone-app" */;
			buildPhases = (
				A692E40B1425349A00A52229 /* Sources */,
				A692E40C1425349A00A52229 /* Frameworks */,
				A692E40D1425349A00A52229 /* Resources */,
			);
			buildRules = (
			);
			dependencies = (
			);
			name = "standard-iphone-app";
			productName = "standard-iphone-app";
			productReference = A692E40F1425349A00A52229 /* standard-iphone-app.app */;
			productType = "com.apple.product-type.application";
		};
/* End PBXNativeTarget section */

/* Begin PBXProject section */
		A692E4061425349900A52229 /* Project object */ = {
			isa = PBXProject;
			buildConfigurationList = A692E4091425349900A52229 /* Build configuration list for PBXProject "standard-iphone-app" */;
			compatibilityVersion = "Xcode 3.2";
			developmentRegion = English;
			hasScannedForEncodings = 0;
			knownRegions = (
				en,
			);
			mainGroup = A692E4041425349900A52229;
			productRefGroup = A692E4101425349A00A52229 /* Products */;
			projectDirPath = "";
			projectRoot = "";
			targets = (
				A692E40E1425349A00A52229 /* standard-iphone-app */,
			);
		};
/* End PBXProject section */

/* Begin PBXResourcesBuildPhase section */
		A692E40D1425349A00A52229 /* Resources */ = {
			isa = PBXResourcesBuildPhase;
			buildActionMask = 2147483647;
			files = (
				A692E41E1425349A00A52229 /* InfoPlist.strings in Resources */,
				A60A9DD31425389B00A65B3D /* ApplicationView.xib in Resources */,
				04789F421448849600CD0265 /* Localizable.strings in Resources */,
			);
			runOnlyForDeploymentPostprocessing = 0;
		};
/* End PBXResourcesBuildPhase section */

/* Begin PBXSourcesBuildPhase section */
		A692E40B1425349A00A52229 /* Sources */ = {
			isa = PBXSourcesBuildPhase;
			buildActionMask = 2147483647;
			files = (
				A692E4211425349A00A52229 /* main.m in Sources */,
				A692E4241425349A00A52229 /* standard_iphone_appDelegate.m in Sources */,
				A60A9DAB142536A800A65B3D /* ASIAuthenticationDialog.m in Sources */,
				A60A9DAC142536A800A65B3D /* ASIDataCompressor.m in Sources */,
				A60A9DAD142536A800A65B3D /* ASIDataDecompressor.m in Sources */,
				A60A9DAE142536A800A65B3D /* ASIDownloadCache.m in Sources */,
				A60A9DAF142536A800A65B3D /* ASIFormDataRequest.m in Sources */,
				A60A9DB0142536A800A65B3D /* ASIHTTPRequest.m in Sources */,
				A60A9DB1142536A800A65B3D /* ASIInputStream.m in Sources */,
				A60A9DB2142536A800A65B3D /* ASINetworkQueue.m in Sources */,
				A60A9DB3142536A800A65B3D /* CategoriesView.m in Sources */,
				A60A9DB4142536A800A65B3D /* ComplexTableCell.m in Sources */,
				A60A9DB5142536A800A65B3D /* ComplexTableSection.m in Sources */,
				A60A9DB6142536A800A65B3D /* ComplexTableView.m in Sources */,
				A60A9DB7142536A800A65B3D /* UserDefaults.m in Sources */,
				A60A9DB9142536A800A65B3D /* DBModel.m in Sources */,
				A60A9DBC142536A800A65B3D /* InternetConnection.m in Sources */,
				A60A9DBE142536A800A65B3D /* NSDate-Extensions.m in Sources */,
				A60A9DBF142536A800A65B3D /* NSString-Extensions.m in Sources */,
				A60A9DC1142536A800A65B3D /* Reachability.m in Sources */,
				A60A9DC3142536A800A65B3D /* SplashView.m in Sources */,
				A60A9DC4142536A800A65B3D /* TBLCategories.m in Sources */,
				A60A9DC5142536A800A65B3D /* UIColor-Extensions.m in Sources */,
				A60A9DC6142536A800A65B3D /* UIDevice-Attributes.m in Sources */,
				A60A9E161425699F00A65B3D /* UIImage-Extensions.m in Sources */,
				A60A9E1914256AE300A65B3D /* AsyncUIImage.m in Sources */,
				A60A9E1D1425792900A65B3D /* JSONKit.m in Sources */,
				A60A9E201425799C00A65B3D /* CipherClass.m in Sources */,
				A60A9E2314257A3300A65B3D /* NSData-Extensions.m in Sources */,
				A60A9E361425853E00A65B3D /* NSTimer-Extensions.m in Sources */,
				0420078A142A3FE400EE6F4F /* NSObject+BlocksKit.m in Sources */,
				0420078B142A3FE400EE6F4F /* NSObject+AssociatedObjects.m in Sources */,
				0420078C142A3FE400EE6F4F /* BKDelegateProxy.m in Sources */,
				0420078D142A3FE400EE6F4F /* NSArray+BlocksKit.m in Sources */,
				0420078E142A3FE400EE6F4F /* NSTimer+BlocksKit.m in Sources */,
				0420078F142A3FE400EE6F4F /* UIAlertView+BlocksKit.m in Sources */,
				04200790142A3FE400EE6F4F /* UIActionSheet+BlocksKit.m in Sources */,
				04200791142A3FE400EE6F4F /* UIBarButtonItem+BlocksKit.m in Sources */,
				04200792142A3FE400EE6F4F /* UIGestureRecognizer+BlocksKit.m in Sources */,
				04200793142A3FE400EE6F4F /* UIView+BlocksKit.m in Sources */,
				04200794142A3FE400EE6F4F /* UIWebView+BlocksKit.m in Sources */,
				04ECB74A1445840A00FCB8CC /* DCCrossHairView.m in Sources */,
				04ECB74B1445840A00FCB8CC /* DCFrameView.m in Sources */,
				04ECB74C1445840A00FCB8CC /* DCIntrospect.m in Sources */,
				04ECB74D1445840A00FCB8CC /* DCStatusBarOverlay.m in Sources */,
				04ECB763144585D900FCB8CC /* LKBadgeView.m in Sources */,
				0432611E1445F49500EF7ACA /* AUIAnimatableLabel.m in Sources */,
				0432611F1445F49500EF7ACA /* UIFont+CoreTextExtensions.m in Sources */,
				043261471445F5B700EF7ACA /* FTCoreTextStyle.m in Sources */,
				043261481445F5B700EF7ACA /* FTCoreTextView.m in Sources */,
				043261491445F5B700EF7ACA /* UIColor+Tools.m in Sources */,
				0432614A1445F5B700EF7ACA /* UIView+Layout.m in Sources */,
				043261561445F69300EF7ACA /* Example_FTCoreText.m in Sources */,
				04A1268B14473AE100394AB1 /* AppInformation.m in Sources */,
				04EDFE2C144829CE004E256B /* AppSettingsManager.m in Sources */,
				0487FA7F144C435C003E48E2 /* Database.m in Sources */,
			);
			runOnlyForDeploymentPostprocessing = 0;
		};
/* End PBXSourcesBuildPhase section */

/* Begin PBXVariantGroup section */
		04789F401448849600CD0265 /* Localizable.strings */ = {
			isa = PBXVariantGroup;
			children = (
				04789F411448849600CD0265 /* en */,
			);
			name = Localizable.strings;
			sourceTree = "<group>";
		};
		A692E41C1425349A00A52229 /* InfoPlist.strings */ = {
			isa = PBXVariantGroup;
			children = (
				A692E41D1425349A00A52229 /* en */,
			);
			name = InfoPlist.strings;
			sourceTree = "<group>";
		};
/* End PBXVariantGroup section */

/* Begin XCBuildConfiguration section */
		A692E42E1425349A00A52229 /* Debug */ = {
			isa = XCBuildConfiguration;
			buildSettings = {
				ARCHS = "$(ARCHS_STANDARD_32_BIT)";
				"CODE_SIGN_IDENTITY[sdk=iphoneos*]" = "iPhone Developer";
				GCC_C_LANGUAGE_STANDARD = gnu99;
				GCC_OPTIMIZATION_LEVEL = 0;
				GCC_PREPROCESSOR_DEFINITIONS = DEBUG;
				GCC_SYMBOLS_PRIVATE_EXTERN = NO;
				GCC_VERSION = com.apple.compilers.llvmgcc42;
				GCC_WARN_ABOUT_RETURN_TYPE = YES;
				GCC_WARN_UNUSED_VARIABLE = YES;
				IPHONEOS_DEPLOYMENT_TARGET = 4.3;
				SDKROOT = iphoneos;
			};
			name = Debug;
		};
		A692E42F1425349A00A52229 /* Release */ = {
			isa = XCBuildConfiguration;
			buildSettings = {
				ARCHS = "$(ARCHS_STANDARD_32_BIT)";
				"CODE_SIGN_IDENTITY[sdk=iphoneos*]" = "iPhone Developer";
				GCC_C_LANGUAGE_STANDARD = gnu99;
				GCC_VERSION = com.apple.compilers.llvmgcc42;
				GCC_WARN_ABOUT_RETURN_TYPE = YES;
				GCC_WARN_UNUSED_VARIABLE = YES;
				IPHONEOS_DEPLOYMENT_TARGET = 4.3;
				OTHER_CFLAGS = "-DNS_BLOCK_ASSERTIONS=1";
				SDKROOT = iphoneos;
			};
			name = Release;
		};
		A692E4311425349A00A52229 /* Debug */ = {
			isa = XCBuildConfiguration;
			buildSettings = {
				ALWAYS_SEARCH_USER_PATHS = NO;
				COPY_PHASE_STRIP = NO;
				GCC_DYNAMIC_NO_PIC = NO;
				GCC_PRECOMPILE_PREFIX_HEADER = YES;
				GCC_PREFIX_HEADER = "standard-iphone-app/standard-iphone-app-Prefix.pch";
				INFOPLIST_FILE = "standard-iphone-app/standard-iphone-app-Info.plist";
				IPHONEOS_DEPLOYMENT_TARGET = 4.3;
				PRODUCT_NAME = "$(TARGET_NAME)";
				TARGETED_DEVICE_FAMILY = "1,2";
				WRAPPER_EXTENSION = app;
			};
			name = Debug;
		};
		A692E4321425349A00A52229 /* Release */ = {
			isa = XCBuildConfiguration;
			buildSettings = {
				ALWAYS_SEARCH_USER_PATHS = NO;
				COPY_PHASE_STRIP = YES;
				GCC_PRECOMPILE_PREFIX_HEADER = YES;
				GCC_PREFIX_HEADER = "standard-iphone-app/standard-iphone-app-Prefix.pch";
				INFOPLIST_FILE = "standard-iphone-app/standard-iphone-app-Info.plist";
				IPHONEOS_DEPLOYMENT_TARGET = 4.3;
				PRODUCT_NAME = "$(TARGET_NAME)";
				TARGETED_DEVICE_FAMILY = "1,2";
				VALIDATE_PRODUCT = YES;
				WRAPPER_EXTENSION = app;
			};
			name = Release;
		};
/* End XCBuildConfiguration section */

/* Begin XCConfigurationList section */
		A692E4091425349900A52229 /* Build configuration list for PBXProject "standard-iphone-app" */ = {
			isa = XCConfigurationList;
			buildConfigurations = (
				A692E42E1425349A00A52229 /* Debug */,
				A692E42F1425349A00A52229 /* Release */,
			);
			defaultConfigurationIsVisible = 0;
			defaultConfigurationName = Release;
		};
		A692E4301425349A00A52229 /* Build configuration list for PBXNativeTarget "standard-iphone-app" */ = {
			isa = XCConfigurationList;
			buildConfigurations = (
				A692E4311425349A00A52229 /* Debug */,
				A692E4321425349A00A52229 /* Release */,
			);
			defaultConfigurationIsVisible = 0;
			defaultConfigurationName = Release;
		};
/* End XCConfigurationList section */
	};
	rootObject = A692E4061425349900A52229 /* Project object */;
}
